
Microsoft Visual Studio Solution File, Format Version 12.00
# Visual Studio Version 17
VisualStudioVersion = 17.0.31903.59
MinimumVisualStudioVersion = 10.0.40219.1
Project("{FAE04EC0-301F-11D3-BF4B-00C04F79EFBC}") = "Text", "Text\Text.csproj", "{A6B691EF-86DE-4A60-860E-2235108CC791}"
EndProject
Project("{FAE04EC0-301F-11D3-BF4B-00C04F79EFBC}") = "Text.Tests", "Text.Tests\Text.Tests.csproj", "{DBD31FF3-C545-4090-95B1-5E19B99BA674}"
EndProject
Global
	GlobalSection(SolutionConfigurationPlatforms) = preSolution
		Debug|Any CPU = Debug|Any CPU
		Release|Any CPU = Release|Any CPU
	EndGlobalSection
	GlobalSection(SolutionProperties) = preSolution
		HideSolutionNode = FALSE
	EndGlobalSection
	GlobalSection(ProjectConfigurationPlatforms) = postSolution
		{A6B691EF-86DE-4A60-860E-2235108CC791}.Debug|Any CPU.ActiveCfg = Debug|Any CPU
		{A6B691EF-86DE-4A60-860E-2235108CC791}.Debug|Any CPU.Build.0 = Debug|Any CPU
		{A6B691EF-86DE-4A60-860E-2235108CC791}.Release|Any CPU.ActiveCfg = Release|Any CPU
		{A6B691EF-86DE-4A60-860E-2235108CC791}.Release|Any CPU.Build.0 = Release|Any CPU
		{DBD31FF3-C545-4090-95B1-5E19B99BA674}.Debug|Any CPU.ActiveCfg = Debug|Any CPU
		{DBD31FF3-C545-4090-95B1-5E19B99BA674}.Debug|Any CPU.Build.0 = Debug|Any CPU
		{DBD31FF3-C545-4090-95B1-5E19B99BA674}.Release|Any CPU.ActiveCfg = Release|Any CPU
		{DBD31FF3-C545-4090-95B1-5E19B99BA674}.Release|Any CPU.Build.0 = Release|Any CPU
	EndGlobalSection
EndGlobal
